
Microsoft Visual Studio Solution File, Format Version 12.00
# Visual Studio Version 17
VisualStudioVersion = 17.7.34024.191
MinimumVisualStudioVersion = 10.0.40219.1
Project("{8BC9CEB8-8B4A-11D0-8D11-00A0C91BC942}") = "OPI_LAB_06_1", "OPI_LAB_06\OPI_LAB_06.vcxproj", "{7EA306C8-E3A4-4F54-A3E1-C7D8299B6C22}"
EndProject
Project("{8BC9CEB8-8B4A-11D0-8D11-00A0C91BC942}") = "OPI_LAB_06_2", "OPI_LAB_06_2\OPI_LAB_06_2.vcxproj", "{BC1F6C1C-8EA3-46DD-96B4-3C386159BFE2}"
EndProject
Global
	GlobalSection(SolutionConfigurationPlatforms) = preSolution
		Debug|x64 = Debug|x64
		Debug|x86 = Debug|x86
		Release|x64 = Release|x64
		Release|x86 = Release|x86
	EndGlobalSection
	GlobalSection(ProjectConfigurationPlatforms) = postSolution
		{7EA306C8-E3A4-4F54-A3E1-C7D8299B6C22}.Debug|x64.ActiveCfg = Debug|x64
		{7EA306C8-E3A4-4F54-A3E1-C7D8299B6C22}.Debug|x64.Build.0 = Debug|x64
		{7EA306C8-E3A4-4F54-A3E1-C7D8299B6C22}.Debug|x86.ActiveCfg = Debug|Win32
		{7EA306C8-E3A4-4F54-A3E1-C7D8299B6C22}.Debug|x86.Build.0 = Debug|Win32
		{7EA306C8-E3A4-4F54-A3E1-C7D8299B6C22}.Release|x64.ActiveCfg = Release|x64
		{7EA306C8-E3A4-4F54-A3E1-C7D8299B6C22}.Release|x64.Build.0 = Release|x64
		{7EA306C8-E3A4-4F54-A3E1-C7D8299B6C22}.Release|x86.ActiveCfg = Release|Win32
		{7EA306C8-E3A4-4F54-A3E1-C7D8299B6C22}.Release|x86.Build.0 = Release|Win32
		{BC1F6C1C-8EA3-46DD-96B4-3C386159BFE2}.Debug|x64.ActiveCfg = Debug|x64
		{BC1F6C1C-8EA3-46DD-96B4-3C386159BFE2}.Debug|x64.Build.0 = Debug|x64
		{BC1F6C1C-8EA3-46DD-96B4-3C386159BFE2}.Debug|x86.ActiveCfg = Debug|Win32
		{BC1F6C1C-8EA3-46DD-96B4-3C386159BFE2}.Debug|x86.Build.0 = Debug|Win32
		{BC1F6C1C-8EA3-46DD-96B4-3C386159BFE2}.Release|x64.ActiveCfg = Release|x64
		{BC1F6C1C-8EA3-46DD-96B4-3C386159BFE2}.Release|x64.Build.0 = Release|x64
		{BC1F6C1C-8EA3-46DD-96B4-3C386159BFE2}.Release|x86.ActiveCfg = Release|Win32
		{BC1F6C1C-8EA3-46DD-96B4-3C386159BFE2}.Release|x86.Build.0 = Release|Win32
	EndGlobalSection
	GlobalSection(SolutionProperties) = preSolution
		HideSolutionNode = FALSE
	EndGlobalSection
	GlobalSection(ExtensibilityGlobals) = postSolution
		SolutionGuid = {EBC2B643-84C1-4FA6-967D-F53506C57935}
	EndGlobalSection
EndGlobal
